
Microsoft Visual Studio Solution File, Format Version 11.00
# Visual Studio 2010
Project("{FAE04EC0-301F-11D3-BF4B-00C04F79EFBC}") = "PartyInvites", "PartyInvites\PartyInvites.csproj", "{8AAB544A-530B-46E4-9C8D-3410CDCE3D47}"
EndProject
Global
	GlobalSection(SolutionConfigurationPlatforms) = preSolution
		Debug|Any CPU = Debug|Any CPU
		Release|Any CPU = Release|Any CPU
	EndGlobalSection
	GlobalSection(ProjectConfigurationPlatforms) = postSolution
		{8AAB544A-530B-46E4-9C8D-3410CDCE3D47}.Debug|Any CPU.ActiveCfg = Debug|Any CPU
		{8AAB544A-530B-46E4-9C8D-3410CDCE3D47}.Debug|Any CPU.Build.0 = Debug|Any CPU
		{8AAB544A-530B-46E4-9C8D-3410CDCE3D47}.Release|Any CPU.ActiveCfg = Release|Any CPU
		{8AAB544A-530B-46E4-9C8D-3410CDCE3D47}.Release|Any CPU.Build.0 = Release|Any CPU
	EndGlobalSection
	GlobalSection(SolutionProperties) = preSolution
		HideSolutionNode = FALSE
	EndGlobalSection
EndGlobal
